
Microsoft Visual Studio Solution File, Format Version 12.00
# Visual Studio 15
VisualStudioVersion = 15.0.27130.2027
MinimumVisualStudioVersion = 10.0.40219.1
Project("{FAE04EC0-301F-11D3-BF4B-00C04F79EFBC}") = "mpv_csharp_uwp", "mpv-csharp-uwp\mpv_csharp_uwp.csproj", "{DCC773A8-AB0F-471B-A733-88F6C8D31728}"
EndProject
Global
	GlobalSection(SolutionConfigurationPlatforms) = preSolution
		Debug|ARM = Debug|ARM
		Debug|x64 = Debug|x64
		Debug|x86 = Debug|x86
		Release|ARM = Release|ARM
		Release|x64 = Release|x64
		Release|x86 = Release|x86
	EndGlobalSection
	GlobalSection(ProjectConfigurationPlatforms) = postSolution
		{DCC773A8-AB0F-471B-A733-88F6C8D31728}.Debug|ARM.ActiveCfg = Debug|ARM
		{DCC773A8-AB0F-471B-A733-88F6C8D31728}.Debug|ARM.Build.0 = Debug|ARM
		{DCC773A8-AB0F-471B-A733-88F6C8D31728}.Debug|ARM.Deploy.0 = Debug|ARM
		{DCC773A8-AB0F-471B-A733-88F6C8D31728}.Debug|x64.ActiveCfg = Debug|x64
		{DCC773A8-AB0F-471B-A733-88F6C8D31728}.Debug|x64.Build.0 = Debug|x64
		{DCC773A8-AB0F-471B-A733-88F6C8D31728}.Debug|x64.Deploy.0 = Debug|x64
		{DCC773A8-AB0F-471B-A733-88F6C8D31728}.Debug|x86.ActiveCfg = Debug|x86
		{DCC773A8-AB0F-471B-A733-88F6C8D31728}.Debug|x86.Build.0 = Debug|x86
		{DCC773A8-AB0F-471B-A733-88F6C8D31728}.Debug|x86.Deploy.0 = Debug|x86
		{DCC773A8-AB0F-471B-A733-88F6C8D31728}.Release|ARM.ActiveCfg = Release|ARM
		{DCC773A8-AB0F-471B-A733-88F6C8D31728}.Release|ARM.Build.0 = Release|ARM
		{DCC773A8-AB0F-471B-A733-88F6C8D31728}.Release|ARM.Deploy.0 = Release|ARM
		{DCC773A8-AB0F-471B-A733-88F6C8D31728}.Release|x64.ActiveCfg = Release|x64
		{DCC773A8-AB0F-471B-A733-88F6C8D31728}.Release|x64.Build.0 = Release|x64
		{DCC773A8-AB0F-471B-A733-88F6C8D31728}.Release|x64.Deploy.0 = Release|x64
		{DCC773A8-AB0F-471B-A733-88F6C8D31728}.Release|x86.ActiveCfg = Release|x86
		{DCC773A8-AB0F-471B-A733-88F6C8D31728}.Release|x86.Build.0 = Release|x86
		{DCC773A8-AB0F-471B-A733-88F6C8D31728}.Release|x86.Deploy.0 = Release|x86
	EndGlobalSection
	GlobalSection(SolutionProperties) = preSolution
		HideSolutionNode = FALSE
	EndGlobalSection
	GlobalSection(ExtensibilityGlobals) = postSolution
		SolutionGuid = {5F0B8F84-3E60-46B7-A233-992FBD9D0AC4}
	EndGlobalSection
EndGlobal
